
Microsoft Visual Studio Solution File, Format Version 12.00
# Visual Studio 14
VisualStudioVersion = 14.0.25420.1
MinimumVisualStudioVersion = 10.0.40219.1
Project("{FAE04EC0-301F-11D3-BF4B-00C04F79EFBC}") = "ConsoleApplication1", "ConsoleApplication1\ConsoleApplication1.csproj", "{F5660E8E-5DD5-494B-87BA-A9AFB85C64BD}"
	ProjectSection(ProjectDependencies) = postProject
		{80709E02-1537-4344-AFAE-04FD43D51D24} = {80709E02-1537-4344-AFAE-04FD43D51D24}
	EndProjectSection
EndProject
Project("{FAE04EC0-301F-11D3-BF4B-00C04F79EFBC}") = "ClassLibrary1", "ClassLibrary1\ClassLibrary1.csproj", "{80709E02-1537-4344-AFAE-04FD43D51D24}"
EndProject
Global
	GlobalSection(SolutionConfigurationPlatforms) = preSolution
		Debug|Any CPU = Debug|Any CPU
		Release|Any CPU = Release|Any CPU
	EndGlobalSection
	GlobalSection(ProjectConfigurationPlatforms) = postSolution
		{F5660E8E-5DD5-494B-87BA-A9AFB85C64BD}.Debug|Any CPU.ActiveCfg = Debug|Any CPU
		{F5660E8E-5DD5-494B-87BA-A9AFB85C64BD}.Debug|Any CPU.Build.0 = Debug|Any CPU
		{F5660E8E-5DD5-494B-87BA-A9AFB85C64BD}.Release|Any CPU.ActiveCfg = Release|Any CPU
		{F5660E8E-5DD5-494B-87BA-A9AFB85C64BD}.Release|Any CPU.Build.0 = Release|Any CPU
		{80709E02-1537-4344-AFAE-04FD43D51D24}.Debug|Any CPU.ActiveCfg = Debug|Any CPU
		{80709E02-1537-4344-AFAE-04FD43D51D24}.Debug|Any CPU.Build.0 = Debug|Any CPU
		{80709E02-1537-4344-AFAE-04FD43D51D24}.Release|Any CPU.ActiveCfg = Release|Any CPU
		{80709E02-1537-4344-AFAE-04FD43D51D24}.Release|Any CPU.Build.0 = Release|Any CPU
	EndGlobalSection
	GlobalSection(SolutionProperties) = preSolution
		HideSolutionNode = FALSE
	EndGlobalSection
EndGlobal
